
Microsoft Visual Studio Solution File, Format Version 12.00
# Visual Studio Version 17
VisualStudioVersion = 17.2.32516.85
MinimumVisualStudioVersion = 10.0.40219.1
Project("{FAE04EC0-301F-11D3-BF4B-00C04F79EFBC}") = "Flow.Launcher.Plugin.AnimeSearch", "AnimeSearch\Flow.Launcher.Plugin.AnimeSearch\Flow.Launcher.Plugin.AnimeSearch.csproj", "{C714DB8C-1C26-4609-9D0F-F68E05647240}"
EndProject
Global
	GlobalSection(SolutionConfigurationPlatforms) = preSolution
		Debug|Any CPU = Debug|Any CPU
		Release|Any CPU = Release|Any CPU
	EndGlobalSection
	GlobalSection(ProjectConfigurationPlatforms) = postSolution
		{C714DB8C-1C26-4609-9D0F-F68E05647240}.Debug|Any CPU.ActiveCfg = Debug|Any CPU
		{C714DB8C-1C26-4609-9D0F-F68E05647240}.Debug|Any CPU.Build.0 = Debug|Any CPU
		{C714DB8C-1C26-4609-9D0F-F68E05647240}.Release|Any CPU.ActiveCfg = Release|Any CPU
		{C714DB8C-1C26-4609-9D0F-F68E05647240}.Release|Any CPU.Build.0 = Release|Any CPU
	EndGlobalSection
	GlobalSection(SolutionProperties) = preSolution
		HideSolutionNode = FALSE
	EndGlobalSection
	GlobalSection(ExtensibilityGlobals) = postSolution
		SolutionGuid = {9080459D-AA42-4CA6-868E-68F70D66478B}
	EndGlobalSection
EndGlobal
